
Microsoft Visual Studio Solution File, Format Version 12.00
# Visual Studio Version 16
VisualStudioVersion = 16.0.29409.12
MinimumVisualStudioVersion = 10.0.40219.1
Project("{FAE04EC0-301F-11D3-BF4B-00C04F79EFBC}") = "WindowsFormsApp2", "WindowsFormsApp2\WindowsFormsApp2.csproj", "{3F8EB0C6-A6B1-4ADA-97B3-06F51543AF35}"
EndProject
Global
	GlobalSection(SolutionConfigurationPlatforms) = preSolution
		Debug|Any CPU = Debug|Any CPU
		Release|Any CPU = Release|Any CPU
	EndGlobalSection
	GlobalSection(ProjectConfigurationPlatforms) = postSolution
		{3F8EB0C6-A6B1-4ADA-97B3-06F51543AF35}.Debug|Any CPU.ActiveCfg = Debug|Any CPU
		{3F8EB0C6-A6B1-4ADA-97B3-06F51543AF35}.Debug|Any CPU.Build.0 = Debug|Any CPU
		{3F8EB0C6-A6B1-4ADA-97B3-06F51543AF35}.Release|Any CPU.ActiveCfg = Release|Any CPU
		{3F8EB0C6-A6B1-4ADA-97B3-06F51543AF35}.Release|Any CPU.Build.0 = Release|Any CPU
	EndGlobalSection
	GlobalSection(SolutionProperties) = preSolution
		HideSolutionNode = FALSE
	EndGlobalSection
	GlobalSection(ExtensibilityGlobals) = postSolution
		SolutionGuid = {8F07036C-9DBC-40B2-B110-9A7DD241392F}
	EndGlobalSection
EndGlobal
